
Microsoft Visual Studio Solution File, Format Version 12.00
# Visual Studio Version 17
VisualStudioVersion = 17.12.35527.113
MinimumVisualStudioVersion = 10.0.40219.1
Project("{FAE04EC0-301F-11D3-BF4B-00C04F79EFBC}") = "Task2_2", "Task2_2\Task2_2.csproj", "{AD7F43EE-C986-4A12-8635-DB4BAC76A4A6}"
EndProject
Project("{FAE04EC0-301F-11D3-BF4B-00C04F79EFBC}") = "Task2_3", "Task2_3\Task2_3.csproj", "{09F8288B-FCF4-415B-B2E8-24DFF734F9B5}"
EndProject
Project("{FAE04EC0-301F-11D3-BF4B-00C04F79EFBC}") = "Task2_4", "Task2_4\Task2_4.csproj", "{1704CCE3-484B-4ED5-BB17-1007E0C1679B}"
EndProject
Project("{FAE04EC0-301F-11D3-BF4B-00C04F79EFBC}") = "Task2_5", "Task2_5\Task2_5.csproj", "{EA0BDF10-9079-4384-B39E-EDBEF5BB7DA6}"
EndProject
Project("{FAE04EC0-301F-11D3-BF4B-00C04F79EFBC}") = "Task2_6", "Task2_6\Task2_6.csproj", "{FA4B26B6-C6EA-4F60-9985-1CB5635B1149}"
EndProject
Project("{FAE04EC0-301F-11D3-BF4B-00C04F79EFBC}") = "Task2_8", "Task2_8\Task2_8.csproj", "{6AB00D84-A000-4F41-8F09-6D1F2EDDB03E}"
EndProject
Project("{FAE04EC0-301F-11D3-BF4B-00C04F79EFBC}") = "Task2_9", "Task2_9\Task2_9.csproj", "{3CADF4C7-0C30-45C5-91BC-5D58B40BEFC8}"
EndProject
Project("{FAE04EC0-301F-11D3-BF4B-00C04F79EFBC}") = "Task2_10", "Task2_10\Task2_10.csproj", "{3A440EF1-BA18-4153-92E2-3FCBBB547F8B}"
EndProject
Project("{FAE04EC0-301F-11D3-BF4B-00C04F79EFBC}") = "Task2_11", "Task2_11\Task2_11.csproj", "{2BBFDD01-3C54-44C6-BA54-357318047F27}"
EndProject
Project("{FAE04EC0-301F-11D3-BF4B-00C04F79EFBC}") = "Task2_12", "Task2_12\Task2_12.csproj", "{D1AB4F17-0CAC-4633-9FB3-9C560EEA99BC}"
EndProject
Project("{FAE04EC0-301F-11D3-BF4B-00C04F79EFBC}") = "Task2_13", "Task2_13\Task2_13.csproj", "{E1A5C6E7-6F5D-4286-B8CE-968F249E826D}"
EndProject
Project("{FAE04EC0-301F-11D3-BF4B-00C04F79EFBC}") = "Task2_14", "Task2_14\Task2_14.csproj", "{C0FD9D25-A732-4DEC-933F-9142A85BFDD1}"
EndProject
Project("{FAE04EC0-301F-11D3-BF4B-00C04F79EFBC}") = "Task2_15", "Task2_15\Task2_15.csproj", "{9F2CB2AF-9EBC-49FA-B89F-6D6B5C8DF56A}"
EndProject
Project("{FAE04EC0-301F-11D3-BF4B-00C04F79EFBC}") = "Task2_16", "Task2_16\Task2_16.csproj", "{6E644FC0-4B91-4057-BC7A-9BF5C90E77CB}"
EndProject
Project("{FAE04EC0-301F-11D3-BF4B-00C04F79EFBC}") = "Task2_1", "Task2_1\Task2_1.csproj", "{48E176A7-33F9-4FAD-9501-0EE3260B35C5}"
EndProject
Project("{FAE04EC0-301F-11D3-BF4B-00C04F79EFBC}") = "Task2_7", "Task2_7\Task2_7.csproj", "{B96B38EA-AC25-4746-B895-84FD5CB6C131}"
EndProject
Project("{FAE04EC0-301F-11D3-BF4B-00C04F79EFBC}") = "Task2_17", "Task2_17\Task2_17.csproj", "{7C7D03EC-8F58-4113-9DAF-7F565F98AF79}"
EndProject
Project("{FAE04EC0-301F-11D3-BF4B-00C04F79EFBC}") = "Task2_18", "Task2_18\Task2_18.csproj", "{B3E534BD-44D2-4395-8B63-3387CD072671}"
EndProject
Project("{FAE04EC0-301F-11D3-BF4B-00C04F79EFBC}") = "Task2_19", "Task2_19\Task2_19.csproj", "{08E3B7C1-2298-433B-9590-44690F437874}"
EndProject
Project("{FAE04EC0-301F-11D3-BF4B-00C04F79EFBC}") = "Task2_21", "Task2_21\Task2_21.csproj", "{C5AB0D00-CBCB-45FA-B4A6-B652E055C883}"
EndProject
Project("{FAE04EC0-301F-11D3-BF4B-00C04F79EFBC}") = "Task2_22", "Task2_22\Task2_22.csproj", "{A2F8AE7C-2832-483A-9DA3-7253CA886D8C}"
EndProject
Project("{FAE04EC0-301F-11D3-BF4B-00C04F79EFBC}") = "Task2_23", "Task2_23\Task2_23.csproj", "{8791ED7F-3314-4330-A394-8FEB223A171B}"
EndProject
Project("{FAE04EC0-301F-11D3-BF4B-00C04F79EFBC}") = "Task2_24", "Task2_24\Task2_24.csproj", "{9488FE01-60D2-40FF-9634-594519C2B57A}"
EndProject
Project("{FAE04EC0-301F-11D3-BF4B-00C04F79EFBC}") = "Task2_25", "Task2_25\Task2_25.csproj", "{5034D049-6E10-4196-9A1A-AFFA47BF81B1}"
EndProject
Project("{FAE04EC0-301F-11D3-BF4B-00C04F79EFBC}") = "Task2_26", "Task2_26\Task2_26.csproj", "{E93CC170-E38C-4029-8D61-3B903F681A2D}"
EndProject
Project("{FAE04EC0-301F-11D3-BF4B-00C04F79EFBC}") = "Task2_27", "Task2_27\Task2_27.csproj", "{1E63A387-C30F-4A36-A2A3-D7AB1B8E408E}"
EndProject
Project("{FAE04EC0-301F-11D3-BF4B-00C04F79EFBC}") = "Task2_28", "Task2_28\Task2_28.csproj", "{78576CD4-19E7-4987-802C-90C5986F3C63}"
EndProject
Project("{FAE04EC0-301F-11D3-BF4B-00C04F79EFBC}") = "Task2_29", "Task2_29\Task2_29.csproj", "{F0CCCCA4-3A94-4253-9E16-8C560F66DE74}"
EndProject
Project("{FAE04EC0-301F-11D3-BF4B-00C04F79EFBC}") = "Task2_30", "Task2_30\Task2_30.csproj", "{9D819CC6-E3BE-415B-A45F-D763F65505FB}"
EndProject
Project("{FAE04EC0-301F-11D3-BF4B-00C04F79EFBC}") = "Task2_20", "Task2_20\Task2_20.csproj", "{FE68ABA2-E53B-44DD-9AE5-5F9C78925E12}"
EndProject
Global
	GlobalSection(SolutionConfigurationPlatforms) = preSolution
		Debug|Any CPU = Debug|Any CPU
		Release|Any CPU = Release|Any CPU
	EndGlobalSection
	GlobalSection(ProjectConfigurationPlatforms) = postSolution
		{AD7F43EE-C986-4A12-8635-DB4BAC76A4A6}.Debug|Any CPU.ActiveCfg = Debug|Any CPU
		{AD7F43EE-C986-4A12-8635-DB4BAC76A4A6}.Debug|Any CPU.Build.0 = Debug|Any CPU
		{AD7F43EE-C986-4A12-8635-DB4BAC76A4A6}.Release|Any CPU.ActiveCfg = Release|Any CPU
		{AD7F43EE-C986-4A12-8635-DB4BAC76A4A6}.Release|Any CPU.Build.0 = Release|Any CPU
		{09F8288B-FCF4-415B-B2E8-24DFF734F9B5}.Debug|Any CPU.ActiveCfg = Debug|Any CPU
		{09F8288B-FCF4-415B-B2E8-24DFF734F9B5}.Debug|Any CPU.Build.0 = Debug|Any CPU
		{09F8288B-FCF4-415B-B2E8-24DFF734F9B5}.Release|Any CPU.ActiveCfg = Release|Any CPU
		{09F8288B-FCF4-415B-B2E8-24DFF734F9B5}.Release|Any CPU.Build.0 = Release|Any CPU
		{1704CCE3-484B-4ED5-BB17-1007E0C1679B}.Debug|Any CPU.ActiveCfg = Debug|Any CPU
		{1704CCE3-484B-4ED5-BB17-1007E0C1679B}.Debug|Any CPU.Build.0 = Debug|Any CPU
		{1704CCE3-484B-4ED5-BB17-1007E0C1679B}.Release|Any CPU.ActiveCfg = Release|Any CPU
		{1704CCE3-484B-4ED5-BB17-1007E0C1679B}.Release|Any CPU.Build.0 = Release|Any CPU
		{EA0BDF10-9079-4384-B39E-EDBEF5BB7DA6}.Debug|Any CPU.ActiveCfg = Debug|Any CPU
		{EA0BDF10-9079-4384-B39E-EDBEF5BB7DA6}.Debug|Any CPU.Build.0 = Debug|Any CPU
		{EA0BDF10-9079-4384-B39E-EDBEF5BB7DA6}.Release|Any CPU.ActiveCfg = Release|Any CPU
		{EA0BDF10-9079-4384-B39E-EDBEF5BB7DA6}.Release|Any CPU.Build.0 = Release|Any CPU
		{FA4B26B6-C6EA-4F60-9985-1CB5635B1149}.Debug|Any CPU.ActiveCfg = Debug|Any CPU
		{FA4B26B6-C6EA-4F60-9985-1CB5635B1149}.Debug|Any CPU.Build.0 = Debug|Any CPU
		{FA4B26B6-C6EA-4F60-9985-1CB5635B1149}.Release|Any CPU.ActiveCfg = Release|Any CPU
		{FA4B26B6-C6EA-4F60-9985-1CB5635B1149}.Release|Any CPU.Build.0 = Release|Any CPU
		{6AB00D84-A000-4F41-8F09-6D1F2EDDB03E}.Debug|Any CPU.ActiveCfg = Debug|Any CPU
		{6AB00D84-A000-4F41-8F09-6D1F2EDDB03E}.Debug|Any CPU.Build.0 = Debug|Any CPU
		{6AB00D84-A000-4F41-8F09-6D1F2EDDB03E}.Release|Any CPU.ActiveCfg = Release|Any CPU
		{6AB00D84-A000-4F41-8F09-6D1F2EDDB03E}.Release|Any CPU.Build.0 = Release|Any CPU
		{3CADF4C7-0C30-45C5-91BC-5D58B40BEFC8}.Debug|Any CPU.ActiveCfg = Debug|Any CPU
		{3CADF4C7-0C30-45C5-91BC-5D58B40BEFC8}.Debug|Any CPU.Build.0 = Debug|Any CPU
		{3CADF4C7-0C30-45C5-91BC-5D58B40BEFC8}.Release|Any CPU.ActiveCfg = Release|Any CPU
		{3CADF4C7-0C30-45C5-91BC-5D58B40BEFC8}.Release|Any CPU.Build.0 = Release|Any CPU
		{3A440EF1-BA18-4153-92E2-3FCBBB547F8B}.Debug|Any CPU.ActiveCfg = Debug|Any CPU
		{3A440EF1-BA18-4153-92E2-3FCBBB547F8B}.Debug|Any CPU.Build.0 = Debug|Any CPU
		{3A440EF1-BA18-4153-92E2-3FCBBB547F8B}.Release|Any CPU.ActiveCfg = Release|Any CPU
		{3A440EF1-BA18-4153-92E2-3FCBBB547F8B}.Release|Any CPU.Build.0 = Release|Any CPU
		{2BBFDD01-3C54-44C6-BA54-357318047F27}.Debug|Any CPU.ActiveCfg = Debug|Any CPU
		{2BBFDD01-3C54-44C6-BA54-357318047F27}.Debug|Any CPU.Build.0 = Debug|Any CPU
		{2BBFDD01-3C54-44C6-BA54-357318047F27}.Release|Any CPU.ActiveCfg = Release|Any CPU
		{2BBFDD01-3C54-44C6-BA54-357318047F27}.Release|Any CPU.Build.0 = Release|Any CPU
		{D1AB4F17-0CAC-4633-9FB3-9C560EEA99BC}.Debug|Any CPU.ActiveCfg = Debug|Any CPU
		{D1AB4F17-0CAC-4633-9FB3-9C560EEA99BC}.Debug|Any CPU.Build.0 = Debug|Any CPU
		{D1AB4F17-0CAC-4633-9FB3-9C560EEA99BC}.Release|Any CPU.ActiveCfg = Release|Any CPU
		{D1AB4F17-0CAC-4633-9FB3-9C560EEA99BC}.Release|Any CPU.Build.0 = Release|Any CPU
		{E1A5C6E7-6F5D-4286-B8CE-968F249E826D}.Debug|Any CPU.ActiveCfg = Debug|Any CPU
		{E1A5C6E7-6F5D-4286-B8CE-968F249E826D}.Debug|Any CPU.Build.0 = Debug|Any CPU
		{E1A5C6E7-6F5D-4286-B8CE-968F249E826D}.Release|Any CPU.ActiveCfg = Release|Any CPU
		{E1A5C6E7-6F5D-4286-B8CE-968F249E826D}.Release|Any CPU.Build.0 = Release|Any CPU
		{C0FD9D25-A732-4DEC-933F-9142A85BFDD1}.Debug|Any CPU.ActiveCfg = Debug|Any CPU
		{C0FD9D25-A732-4DEC-933F-9142A85BFDD1}.Debug|Any CPU.Build.0 = Debug|Any CPU
		{C0FD9D25-A732-4DEC-933F-9142A85BFDD1}.Release|Any CPU.ActiveCfg = Release|Any CPU
		{C0FD9D25-A732-4DEC-933F-9142A85BFDD1}.Release|Any CPU.Build.0 = Release|Any CPU
		{9F2CB2AF-9EBC-49FA-B89F-6D6B5C8DF56A}.Debug|Any CPU.ActiveCfg = Debug|Any CPU
		{9F2CB2AF-9EBC-49FA-B89F-6D6B5C8DF56A}.Debug|Any CPU.Build.0 = Debug|Any CPU
		{9F2CB2AF-9EBC-49FA-B89F-6D6B5C8DF56A}.Release|Any CPU.ActiveCfg = Release|Any CPU
		{9F2CB2AF-9EBC-49FA-B89F-6D6B5C8DF56A}.Release|Any CPU.Build.0 = Release|Any CPU
		{6E644FC0-4B91-4057-BC7A-9BF5C90E77CB}.Debug|Any CPU.ActiveCfg = Debug|Any CPU
		{6E644FC0-4B91-4057-BC7A-9BF5C90E77CB}.Debug|Any CPU.Build.0 = Debug|Any CPU
		{6E644FC0-4B91-4057-BC7A-9BF5C90E77CB}.Release|Any CPU.ActiveCfg = Release|Any CPU
		{6E644FC0-4B91-4057-BC7A-9BF5C90E77CB}.Release|Any CPU.Build.0 = Release|Any CPU
		{48E176A7-33F9-4FAD-9501-0EE3260B35C5}.Debug|Any CPU.ActiveCfg = Debug|Any CPU
		{48E176A7-33F9-4FAD-9501-0EE3260B35C5}.Debug|Any CPU.Build.0 = Debug|Any CPU
		{48E176A7-33F9-4FAD-9501-0EE3260B35C5}.Release|Any CPU.ActiveCfg = Release|Any CPU
		{48E176A7-33F9-4FAD-9501-0EE3260B35C5}.Release|Any CPU.Build.0 = Release|Any CPU
		{B96B38EA-AC25-4746-B895-84FD5CB6C131}.Debug|Any CPU.ActiveCfg = Debug|Any CPU
		{B96B38EA-AC25-4746-B895-84FD5CB6C131}.Debug|Any CPU.Build.0 = Debug|Any CPU
		{B96B38EA-AC25-4746-B895-84FD5CB6C131}.Release|Any CPU.ActiveCfg = Release|Any CPU
		{B96B38EA-AC25-4746-B895-84FD5CB6C131}.Release|Any CPU.Build.0 = Release|Any CPU
		{7C7D03EC-8F58-4113-9DAF-7F565F98AF79}.Debug|Any CPU.ActiveCfg = Debug|Any CPU
		{7C7D03EC-8F58-4113-9DAF-7F565F98AF79}.Debug|Any CPU.Build.0 = Debug|Any CPU
		{7C7D03EC-8F58-4113-9DAF-7F565F98AF79}.Release|Any CPU.ActiveCfg = Release|Any CPU
		{7C7D03EC-8F58-4113-9DAF-7F565F98AF79}.Release|Any CPU.Build.0 = Release|Any CPU
		{B3E534BD-44D2-4395-8B63-3387CD072671}.Debug|Any CPU.ActiveCfg = Debug|Any CPU
		{B3E534BD-44D2-4395-8B63-3387CD072671}.Debug|Any CPU.Build.0 = Debug|Any CPU
		{B3E534BD-44D2-4395-8B63-3387CD072671}.Release|Any CPU.ActiveCfg = Release|Any CPU
		{B3E534BD-44D2-4395-8B63-3387CD072671}.Release|Any CPU.Build.0 = Release|Any CPU
		{08E3B7C1-2298-433B-9590-44690F437874}.Debug|Any CPU.ActiveCfg = Debug|Any CPU
		{08E3B7C1-2298-433B-9590-44690F437874}.Debug|Any CPU.Build.0 = Debug|Any CPU
		{08E3B7C1-2298-433B-9590-44690F437874}.Release|Any CPU.ActiveCfg = Release|Any CPU
		{08E3B7C1-2298-433B-9590-44690F437874}.Release|Any CPU.Build.0 = Release|Any CPU
		{C5AB0D00-CBCB-45FA-B4A6-B652E055C883}.Debug|Any CPU.ActiveCfg = Debug|Any CPU
		{C5AB0D00-CBCB-45FA-B4A6-B652E055C883}.Debug|Any CPU.Build.0 = Debug|Any CPU
		{C5AB0D00-CBCB-45FA-B4A6-B652E055C883}.Release|Any CPU.ActiveCfg = Release|Any CPU
		{C5AB0D00-CBCB-45FA-B4A6-B652E055C883}.Release|Any CPU.Build.0 = Release|Any CPU
		{A2F8AE7C-2832-483A-9DA3-7253CA886D8C}.Debug|Any CPU.ActiveCfg = Debug|Any CPU
		{A2F8AE7C-2832-483A-9DA3-7253CA886D8C}.Debug|Any CPU.Build.0 = Debug|Any CPU
		{A2F8AE7C-2832-483A-9DA3-7253CA886D8C}.Release|Any CPU.ActiveCfg = Release|Any CPU
		{A2F8AE7C-2832-483A-9DA3-7253CA886D8C}.Release|Any CPU.Build.0 = Release|Any CPU
		{8791ED7F-3314-4330-A394-8FEB223A171B}.Debug|Any CPU.ActiveCfg = Debug|Any CPU
		{8791ED7F-3314-4330-A394-8FEB223A171B}.Debug|Any CPU.Build.0 = Debug|Any CPU
		{8791ED7F-3314-4330-A394-8FEB223A171B}.Release|Any CPU.ActiveCfg = Release|Any CPU
		{8791ED7F-3314-4330-A394-8FEB223A171B}.Release|Any CPU.Build.0 = Release|Any CPU
		{9488FE01-60D2-40FF-9634-594519C2B57A}.Debug|Any CPU.ActiveCfg = Debug|Any CPU
		{9488FE01-60D2-40FF-9634-594519C2B57A}.Debug|Any CPU.Build.0 = Debug|Any CPU
		{9488FE01-60D2-40FF-9634-594519C2B57A}.Release|Any CPU.ActiveCfg = Release|Any CPU
		{9488FE01-60D2-40FF-9634-594519C2B57A}.Release|Any CPU.Build.0 = Release|Any CPU
		{5034D049-6E10-4196-9A1A-AFFA47BF81B1}.Debug|Any CPU.ActiveCfg = Debug|Any CPU
		{5034D049-6E10-4196-9A1A-AFFA47BF81B1}.Debug|Any CPU.Build.0 = Debug|Any CPU
		{5034D049-6E10-4196-9A1A-AFFA47BF81B1}.Release|Any CPU.ActiveCfg = Release|Any CPU
		{5034D049-6E10-4196-9A1A-AFFA47BF81B1}.Release|Any CPU.Build.0 = Release|Any CPU
		{E93CC170-E38C-4029-8D61-3B903F681A2D}.Debug|Any CPU.ActiveCfg = Debug|Any CPU
		{E93CC170-E38C-4029-8D61-3B903F681A2D}.Debug|Any CPU.Build.0 = Debug|Any CPU
		{E93CC170-E38C-4029-8D61-3B903F681A2D}.Release|Any CPU.ActiveCfg = Release|Any CPU
		{E93CC170-E38C-4029-8D61-3B903F681A2D}.Release|Any CPU.Build.0 = Release|Any CPU
		{1E63A387-C30F-4A36-A2A3-D7AB1B8E408E}.Debug|Any CPU.ActiveCfg = Debug|Any CPU
		{1E63A387-C30F-4A36-A2A3-D7AB1B8E408E}.Debug|Any CPU.Build.0 = Debug|Any CPU
		{1E63A387-C30F-4A36-A2A3-D7AB1B8E408E}.Release|Any CPU.ActiveCfg = Release|Any CPU
		{1E63A387-C30F-4A36-A2A3-D7AB1B8E408E}.Release|Any CPU.Build.0 = Release|Any CPU
		{78576CD4-19E7-4987-802C-90C5986F3C63}.Debug|Any CPU.ActiveCfg = Debug|Any CPU
		{78576CD4-19E7-4987-802C-90C5986F3C63}.Debug|Any CPU.Build.0 = Debug|Any CPU
		{78576CD4-19E7-4987-802C-90C5986F3C63}.Release|Any CPU.ActiveCfg = Release|Any CPU
		{78576CD4-19E7-4987-802C-90C5986F3C63}.Release|Any CPU.Build.0 = Release|Any CPU
		{F0CCCCA4-3A94-4253-9E16-8C560F66DE74}.Debug|Any CPU.ActiveCfg = Debug|Any CPU
		{F0CCCCA4-3A94-4253-9E16-8C560F66DE74}.Debug|Any CPU.Build.0 = Debug|Any CPU
		{F0CCCCA4-3A94-4253-9E16-8C560F66DE74}.Release|Any CPU.ActiveCfg = Release|Any CPU
		{F0CCCCA4-3A94-4253-9E16-8C560F66DE74}.Release|Any CPU.Build.0 = Release|Any CPU
		{9D819CC6-E3BE-415B-A45F-D763F65505FB}.Debug|Any CPU.ActiveCfg = Debug|Any CPU
		{9D819CC6-E3BE-415B-A45F-D763F65505FB}.Debug|Any CPU.Build.0 = Debug|Any CPU
		{9D819CC6-E3BE-415B-A45F-D763F65505FB}.Release|Any CPU.ActiveCfg = Release|Any CPU
		{9D819CC6-E3BE-415B-A45F-D763F65505FB}.Release|Any CPU.Build.0 = Release|Any CPU
		{FE68ABA2-E53B-44DD-9AE5-5F9C78925E12}.Debug|Any CPU.ActiveCfg = Debug|Any CPU
		{FE68ABA2-E53B-44DD-9AE5-5F9C78925E12}.Debug|Any CPU.Build.0 = Debug|Any CPU
		{FE68ABA2-E53B-44DD-9AE5-5F9C78925E12}.Release|Any CPU.ActiveCfg = Release|Any CPU
		{FE68ABA2-E53B-44DD-9AE5-5F9C78925E12}.Release|Any CPU.Build.0 = Release|Any CPU
	EndGlobalSection
	GlobalSection(SolutionProperties) = preSolution
		HideSolutionNode = FALSE
	EndGlobalSection
EndGlobal
